
Microsoft Visual Studio Solution File, Format Version 12.00
# Visual Studio 14
VisualStudioVersion = 14.0.25123.0
MinimumVisualStudioVersion = 10.0.40219.1
Project("{FAE04EC0-301F-11D3-BF4B-00C04F79EFBC}") = "Salar.DpiAware", "Salar.DpiAware\Salar.DpiAware.csproj", "{43EAE5D7-E821-4617-84E3-549F8AC3601B}"
EndProject
Global
	GlobalSection(SolutionConfigurationPlatforms) = preSolution
		Debug|Any CPU = Debug|Any CPU
		Release|Any CPU = Release|Any CPU
	EndGlobalSection
	GlobalSection(ProjectConfigurationPlatforms) = postSolution
		{43EAE5D7-E821-4617-84E3-549F8AC3601B}.Debug|Any CPU.ActiveCfg = Debug|Any CPU
		{43EAE5D7-E821-4617-84E3-549F8AC3601B}.Debug|Any CPU.Build.0 = Debug|Any CPU
		{43EAE5D7-E821-4617-84E3-549F8AC3601B}.Release|Any CPU.ActiveCfg = Release|Any CPU
		{43EAE5D7-E821-4617-84E3-549F8AC3601B}.Release|Any CPU.Build.0 = Release|Any CPU
	EndGlobalSection
	GlobalSection(SolutionProperties) = preSolution
		HideSolutionNode = FALSE
	EndGlobalSection
EndGlobal
